// !$*UTF8*$!
{
	archiveVersion = 1;
	classes = {
	};
	objectVersion = 51;
	objects = {

/* Begin PBXBuildFile section */
		30DC2E3A1516450B7F4C66E9 /* libPods-WeatherGift.a in Frameworks */ = {isa = PBXBuildFile; fileRef = 0014849CD51521C56FE3A13B /* libPods-WeatherGift.a */; };
		E42A4D76242FC74B003DA9A2 /* AppDelegate.swift in Sources */ = {isa = PBXBuildFile; fileRef = E42A4D75242FC74B003DA9A2 /* AppDelegate.swift */; };
		E42A4D78242FC74B003DA9A2 /* SceneDelegate.swift in Sources */ = {isa = PBXBuildFile; fileRef = E42A4D77242FC74B003DA9A2 /* SceneDelegate.swift */; };
		E42A4D7A242FC74B003DA9A2 /* LocationListViewController.swift in Sources */ = {isa = PBXBuildFile; fileRef = E42A4D79242FC74B003DA9A2 /* LocationListViewController.swift */; };
		E42A4D7D242FC74B003DA9A2 /* Main.storyboard in Resources */ = {isa = PBXBuildFile; fileRef = E42A4D7B242FC74B003DA9A2 /* Main.storyboard */; };
		E42A4D7F242FC74F003DA9A2 /* Assets.xcassets in Resources */ = {isa = PBXBuildFile; fileRef = E42A4D7E242FC74F003DA9A2 /* Assets.xcassets */; };
		E42A4D82242FC74F003DA9A2 /* LaunchScreen.storyboard in Resources */ = {isa = PBXBuildFile; fileRef = E42A4D80242FC74F003DA9A2 /* LaunchScreen.storyboard */; };
		E42A4D8A242FC7F5003DA9A2 /* WeatherLocation.swift in Sources */ = {isa = PBXBuildFile; fileRef = E42A4D89242FC7F5003DA9A2 /* WeatherLocation.swift */; };
		E42A4D8C242FDC51003DA9A2 /* APIkeys.swift in Sources */ = {isa = PBXBuildFile; fileRef = E42A4D8B242FDC51003DA9A2 /* APIkeys.swift */; };
		E42A4D8E243002FA003DA9A2 /* LocationDetailViewController.swift in Sources */ = {isa = PBXBuildFile; fileRef = E42A4D8D243002FA003DA9A2 /* LocationDetailViewController.swift */; };
		E42A4D90243046DE003DA9A2 /* PageViewController.swift in Sources */ = {isa = PBXBuildFile; fileRef = E42A4D8F243046DE003DA9A2 /* PageViewController.swift */; };
		E42A4D9224394E38003DA9A2 /* WeatherDetail.swift in Sources */ = {isa = PBXBuildFile; fileRef = E42A4D9124394E38003DA9A2 /* WeatherDetail.swift */; };
		E42A4D9624398817003DA9A2 /* DailyTableViewCell.swift in Sources */ = {isa = PBXBuildFile; fileRef = E42A4D9524398817003DA9A2 /* DailyTableViewCell.swift */; };
		E42A4D982439974B003DA9A2 /* HourlyCollectionViewCell.swift in Sources */ = {isa = PBXBuildFile; fileRef = E42A4D972439974B003DA9A2 /* HourlyCollectionViewCell.swift */; };
/* End PBXBuildFile section */

/* Begin PBXFileReference section */
		0014849CD51521C56FE3A13B /* libPods-WeatherGift.a */ = {isa = PBXFileReference; explicitFileType = archive.ar; includeInIndex = 0; path = "libPods-WeatherGift.a"; sourceTree = BUILT_PRODUCTS_DIR; };
		61EE99BF9803DEB9F169380C /* Pods-WeatherGift.debug.xcconfig */ = {isa = PBXFileReference; includeInIndex = 1; lastKnownFileType = text.xcconfig; name = "Pods-WeatherGift.debug.xcconfig"; path = "Target Support Files/Pods-WeatherGift/Pods-WeatherGift.debug.xcconfig"; sourceTree = "<group>"; };
		661D75D31F580200450686F0 /* Pods-WeatherGift.release.xcconfig */ = {isa = PBXFileReference; includeInIndex = 1; lastKnownFileType = text.xcconfig; name = "Pods-WeatherGift.release.xcconfig"; path = "Target Support Files/Pods-WeatherGift/Pods-WeatherGift.release.xcconfig"; sourceTree = "<group>"; };
		E42A4D72242FC74B003DA9A2 /* WeatherGift.app */ = {isa = PBXFileReference; explicitFileType = wrapper.application; includeInIndex = 0; path = WeatherGift.app; sourceTree = BUILT_PRODUCTS_DIR; };
		E42A4D75242FC74B003DA9A2 /* AppDelegate.swift */ = {isa = PBXFileReference; lastKnownFileType = sourcecode.swift; path = AppDelegate.swift; sourceTree = "<group>"; };
		E42A4D77242FC74B003DA9A2 /* SceneDelegate.swift */ = {isa = PBXFileReference; lastKnownFileType = sourcecode.swift; path = SceneDelegate.swift; sourceTree = "<group>"; };
		E42A4D79242FC74B003DA9A2 /* LocationListViewController.swift */ = {isa = PBXFileReference; lastKnownFileType = sourcecode.swift; path = LocationListViewController.swift; sourceTree = "<group>"; };
		E42A4D7C242FC74B003DA9A2 /* Base */ = {isa = PBXFileReference; lastKnownFileType = file.storyboard; name = Base; path = Base.lproj/Main.storyboard; sourceTree = "<group>"; };
		E42A4D7E242FC74F003DA9A2 /* Assets.xcassets */ = {isa = PBXFileReference; lastKnownFileType = folder.assetcatalog; path = Assets.xcassets; sourceTree = "<group>"; };
		E42A4D81242FC74F003DA9A2 /* Base */ = {isa = PBXFileReference; lastKnownFileType = file.storyboard; name = Base; path = Base.lproj/LaunchScreen.storyboard; sourceTree = "<group>"; };
		E42A4D83242FC74F003DA9A2 /* Info.plist */ = {isa = PBXFileReference; lastKnownFileType = text.plist.xml; path = Info.plist; sourceTree = "<group>"; };
		E42A4D89242FC7F5003DA9A2 /* WeatherLocation.swift */ = {isa = PBXFileReference; lastKnownFileType = sourcecode.swift; path = WeatherLocation.swift; sourceTree = "<group>"; };
		E42A4D8B242FDC51003DA9A2 /* APIkeys.swift */ = {isa = PBXFileReference; lastKnownFileType = sourcecode.swift; path = APIkeys.swift; sourceTree = "<group>"; };
		E42A4D8D243002FA003DA9A2 /* LocationDetailViewController.swift */ = {isa = PBXFileReference; lastKnownFileType = sourcecode.swift; path = LocationDetailViewController.swift; sourceTree = "<group>"; };
		E42A4D8F243046DE003DA9A2 /* PageViewController.swift */ = {isa = PBXFileReference; lastKnownFileType = sourcecode.swift; path = PageViewController.swift; sourceTree = "<group>"; };
		E42A4D9124394E38003DA9A2 /* WeatherDetail.swift */ = {isa = PBXFileReference; lastKnownFileType = sourcecode.swift; path = WeatherDetail.swift; sourceTree = "<group>"; };
		E42A4D9524398817003DA9A2 /* DailyTableViewCell.swift */ = {isa = PBXFileReference; lastKnownFileType = sourcecode.swift; path = DailyTableViewCell.swift; sourceTree = "<group>"; };
		E42A4D972439974B003DA9A2 /* HourlyCollectionViewCell.swift */ = {isa = PBXFileReference; lastKnownFileType = sourcecode.swift; path = HourlyCollectionViewCell.swift; sourceTree = "<group>"; };
/* End PBXFileReference section */

/* Begin PBXFrameworksBuildPhase section */
		E42A4D6F242FC74B003DA9A2 /* Frameworks */ = {
			isa = PBXFrameworksBuildPhase;
			buildActionMask = 2147483647;
			files = (
				30DC2E3A1516450B7F4C66E9 /* libPods-WeatherGift.a in Frameworks */,
			);
			runOnlyForDeploymentPostprocessing = 0;
		};
/* End PBXFrameworksBuildPhase section */

/* Begin PBXGroup section */
		2D03F789D8A063E5895CEC8F /* Pods */ = {
			isa = PBXGroup;
			children = (
				61EE99BF9803DEB9F169380C /* Pods-WeatherGift.debug.xcconfig */,
				661D75D31F580200450686F0 /* Pods-WeatherGift.release.xcconfig */,
			);
			path = Pods;
			sourceTree = "<group>";
		};
		C2782F62FF0EE6E658AB4667 /* Frameworks */ = {
			isa = PBXGroup;
			children = (
				0014849CD51521C56FE3A13B /* libPods-WeatherGift.a */,
			);
			name = Frameworks;
			sourceTree = "<group>";
		};
		E42A4D69242FC74B003DA9A2 = {
			isa = PBXGroup;
			children = (
				E42A4D74242FC74B003DA9A2 /* WeatherGift */,
				E42A4D73242FC74B003DA9A2 /* Products */,
				2D03F789D8A063E5895CEC8F /* Pods */,
				C2782F62FF0EE6E658AB4667 /* Frameworks */,
			);
			sourceTree = "<group>";
		};
		E42A4D73242FC74B003DA9A2 /* Products */ = {
			isa = PBXGroup;
			children = (
				E42A4D72242FC74B003DA9A2 /* WeatherGift.app */,
			);
			name = Products;
			sourceTree = "<group>";
		};
		E42A4D74242FC74B003DA9A2 /* WeatherGift */ = {
			isa = PBXGroup;
			children = (
				E42A4D75242FC74B003DA9A2 /* AppDelegate.swift */,
				E42A4D77242FC74B003DA9A2 /* SceneDelegate.swift */,
				E42A4D89242FC7F5003DA9A2 /* WeatherLocation.swift */,
				E42A4D9124394E38003DA9A2 /* WeatherDetail.swift */,
				E42A4D8F243046DE003DA9A2 /* PageViewController.swift */,
				E42A4D8D243002FA003DA9A2 /* LocationDetailViewController.swift */,
				E42A4D79242FC74B003DA9A2 /* LocationListViewController.swift */,
				E42A4D9524398817003DA9A2 /* DailyTableViewCell.swift */,
				E42A4D972439974B003DA9A2 /* HourlyCollectionViewCell.swift */,
				E42A4D7B242FC74B003DA9A2 /* Main.storyboard */,
				E42A4D7E242FC74F003DA9A2 /* Assets.xcassets */,
				E42A4D80242FC74F003DA9A2 /* LaunchScreen.storyboard */,
				E42A4D83242FC74F003DA9A2 /* Info.plist */,
				E42A4D8B242FDC51003DA9A2 /* APIkeys.swift */,
			);
			path = WeatherGift;
			sourceTree = "<group>";
		};
/* End PBXGroup section */

/* Begin PBXNativeTarget section */
		E42A4D71242FC74B003DA9A2 /* WeatherGift */ = {
			isa = PBXNativeTarget;
			buildConfigurationList = E42A4D86242FC74F003DA9A2 /* Build configuration list for PBXNativeTarget "WeatherGift" */;
			buildPhases = (
				933FCB7F61404BA250BFE10E /* [CP] Check Pods Manifest.lock */,
				E42A4D6E242FC74B003DA9A2 /* Sources */,
				E42A4D6F242FC74B003DA9A2 /* Frameworks */,
				E42A4D70242FC74B003DA9A2 /* Resources */,
				41B988090BC2604333C049DF /* [CP] Copy Pods Resources */,
			);
			buildRules = (
			);
			dependencies = (
			);
			name = WeatherGift;
			productName = WeatherGift;
			productReference = E42A4D72242FC74B003DA9A2 /* WeatherGift.app */;
			productType = "com.apple.product-type.application";
		};
/* End PBXNativeTarget section */

/* Begin PBXProject section */
		E42A4D6A242FC74B003DA9A2 /* Project object */ = {
			isa = PBXProject;
			attributes = {
				LastSwiftUpdateCheck = 1140;
				LastUpgradeCheck = 1140;
				ORGANIZATIONNAME = "Shane Barys";
				TargetAttributes = {
					E42A4D71242FC74B003DA9A2 = {
						CreatedOnToolsVersion = 11.4;
					};
				};
			};
			buildConfigurationList = E42A4D6D242FC74B003DA9A2 /* Build configuration list for PBXProject "WeatherGift" */;
			compatibilityVersion = "Xcode 9.3";
			developmentRegion = en;
			hasScannedForEncodings = 0;
			knownRegions = (
				en,
				Base,
			);
			mainGroup = E42A4D69242FC74B003DA9A2;
			productRefGroup = E42A4D73242FC74B003DA9A2 /* Products */;
			projectDirPath = "";
			projectRoot = "";
			targets = (
				E42A4D71242FC74B003DA9A2 /* WeatherGift */,
			);
		};
/* End PBXProject section */

/* Begin PBXResourcesBuildPhase section */
		E42A4D70242FC74B003DA9A2 /* Resources */ = {
			isa = PBXResourcesBuildPhase;
			buildActionMask = 2147483647;
			files = (
				E42A4D82242FC74F003DA9A2 /* LaunchScreen.storyboard in Resources */,
				E42A4D7F242FC74F003DA9A2 /* Assets.xcassets in Resources */,
				E42A4D7D242FC74B003DA9A2 /* Main.storyboard in Resources */,
			);
			runOnlyForDeploymentPostprocessing = 0;
		};
/* End PBXResourcesBuildPhase section */

/* Begin PBXShellScriptBuildPhase section */
		41B988090BC2604333C049DF /* [CP] Copy Pods Resources */ = {
			isa = PBXShellScriptBuildPhase;
			buildActionMask = 2147483647;
			files = (
			);
			inputFileListPaths = (
				"${PODS_ROOT}/Target Support Files/Pods-WeatherGift/Pods-WeatherGift-resources-${CONFIGURATION}-input-files.xcfilelist",
			);
			name = "[CP] Copy Pods Resources";
			outputFileListPaths = (
				"${PODS_ROOT}/Target Support Files/Pods-WeatherGift/Pods-WeatherGift-resources-${CONFIGURATION}-output-files.xcfilelist",
			);
			runOnlyForDeploymentPostprocessing = 0;
			shellPath = /bin/sh;
			shellScript = "\"${PODS_ROOT}/Target Support Files/Pods-WeatherGift/Pods-WeatherGift-resources.sh\"\n";
			showEnvVarsInLog = 0;
		};
		933FCB7F61404BA250BFE10E /* [CP] Check Pods Manifest.lock */ = {
			isa = PBXShellScriptBuildPhase;
			buildActionMask = 2147483647;
			files = (
			);
			inputFileListPaths = (
			);
			inputPaths = (
				"${PODS_PODFILE_DIR_PATH}/Podfile.lock",
				"${PODS_ROOT}/Manifest.lock",
			);
			name = "[CP] Check Pods Manifest.lock";
			outputFileListPaths = (
			);
			outputPaths = (
				"$(DERIVED_FILE_DIR)/Pods-WeatherGift-checkManifestLockResult.txt",
			);
			runOnlyForDeploymentPostprocessing = 0;
			shellPath = /bin/sh;
			shellScript = "diff \"${PODS_PODFILE_DIR_PATH}/Podfile.lock\" \"${PODS_ROOT}/Manifest.lock\" > /dev/null\nif [ $? != 0 ] ; then\n    # print error to STDERR\n    echo \"error: The sandbox is not in sync with the Podfile.lock. Run 'pod install' or update your CocoaPods installation.\" >&2\n    exit 1\nfi\n# This output is used by Xcode 'outputs' to avoid re-running this script phase.\necho \"SUCCESS\" > \"${SCRIPT_OUTPUT_FILE_0}\"\n";
			showEnvVarsInLog = 0;
		};
/* End PBXShellScriptBuildPhase section */

/* Begin PBXSourcesBuildPhase section */
		E42A4D6E242FC74B003DA9A2 /* Sources */ = {
			isa = PBXSourcesBuildPhase;
			buildActionMask = 2147483647;
			files = (
				E42A4D9624398817003DA9A2 /* DailyTableViewCell.swift in Sources */,
				E42A4D7A242FC74B003DA9A2 /* LocationListViewController.swift in Sources */,
				E42A4D9224394E38003DA9A2 /* WeatherDetail.swift in Sources */,
				E42A4D90243046DE003DA9A2 /* PageViewController.swift in Sources */,
				E42A4D8A242FC7F5003DA9A2 /* WeatherLocation.swift in Sources */,
				E42A4D8C242FDC51003DA9A2 /* APIkeys.swift in Sources */,
				E42A4D76242FC74B003DA9A2 /* AppDelegate.swift in Sources */,
				E42A4D8E243002FA003DA9A2 /* LocationDetailViewController.swift in Sources */,
				E42A4D78242FC74B003DA9A2 /* SceneDelegate.swift in Sources */,
				E42A4D982439974B003DA9A2 /* HourlyCollectionViewCell.swift in Sources */,
			);
			runOnlyForDeploymentPostprocessing = 0;
		};
/* End PBXSourcesBuildPhase section */

/* Begin PBXVariantGroup section */
		E42A4D7B242FC74B003DA9A2 /* Main.storyboard */ = {
			isa = PBXVariantGroup;
			children = (
				E42A4D7C242FC74B003DA9A2 /* Base */,
			);
			name = Main.storyboard;
			sourceTree = "<group>";
		};
		E42A4D80242FC74F003DA9A2 /* LaunchScreen.storyboard */ = {
			isa = PBXVariantGroup;
			children = (
				E42A4D81242FC74F003DA9A2 /* Base */,
			);
			name = LaunchScreen.storyboard;
			sourceTree = "<group>";
		};
/* End PBXVariantGroup section */

/* Begin XCBuildConfiguration section */
		E42A4D84242FC74F003DA9A2 /* Debug */ = {
			isa = XCBuildConfiguration;
			buildSettings = {
				ALWAYS_SEARCH_USER_PATHS = NO;
				CLANG_ANALYZER_NONNULL = YES;
				CLANG_ANALYZER_NUMBER_OBJECT_CONVERSION = YES_AGGRESSIVE;
				CLANG_CXX_LANGUAGE_STANDARD = "gnu++14";
				CLANG_CXX_LIBRARY = "libc++";
				CLANG_ENABLE_MODULES = YES;
				CLANG_ENABLE_OBJC_ARC = YES;
				CLANG_ENABLE_OBJC_WEAK = YES;
				CLANG_WARN_BLOCK_CAPTURE_AUTORELEASING = YES;
				CLANG_WARN_BOOL_CONVERSION = YES;
				CLANG_WARN_COMMA = YES;
				CLANG_WARN_CONSTANT_CONVERSION = YES;
				CLANG_WARN_DEPRECATED_OBJC_IMPLEMENTATIONS = YES;
				CLANG_WARN_DIRECT_OBJC_ISA_USAGE = YES_ERROR;
				CLANG_WARN_DOCUMENTATION_COMMENTS = YES;
				CLANG_WARN_EMPTY_BODY = YES;
				CLANG_WARN_ENUM_CONVERSION = YES;
				CLANG_WARN_INFINITE_RECURSION = YES;
				CLANG_WARN_INT_CONVERSION = YES;
				CLANG_WARN_NON_LITERAL_NULL_CONVERSION = YES;
				CLANG_WARN_OBJC_IMPLICIT_RETAIN_SELF = YES;
				CLANG_WARN_OBJC_LITERAL_CONVERSION = YES;
				CLANG_WARN_OBJC_ROOT_CLASS = YES_ERROR;
				CLANG_WARN_RANGE_LOOP_ANALYSIS = YES;
				CLANG_WARN_STRICT_PROTOTYPES = YES;
				CLANG_WARN_SUSPICIOUS_MOVE = YES;
				CLANG_WARN_UNGUARDED_AVAILABILITY = YES_AGGRESSIVE;
				CLANG_WARN_UNREACHABLE_CODE = YES;
				CLANG_WARN__DUPLICATE_METHOD_MATCH = YES;
				COPY_PHASE_STRIP = NO;
				DEBUG_INFORMATION_FORMAT = dwarf;
				ENABLE_STRICT_OBJC_MSGSEND = YES;
				ENABLE_TESTABILITY = YES;
				GCC_C_LANGUAGE_STANDARD = gnu11;
				GCC_DYNAMIC_NO_PIC = NO;
				GCC_NO_COMMON_BLOCKS = YES;
				GCC_OPTIMIZATION_LEVEL = 0;
				GCC_PREPROCESSOR_DEFINITIONS = (
					"DEBUG=1",
					"$(inherited)",
				);
				GCC_WARN_64_TO_32_BIT_CONVERSION = YES;
				GCC_WARN_ABOUT_RETURN_TYPE = YES_ERROR;
				GCC_WARN_UNDECLARED_SELECTOR = YES;
				GCC_WARN_UNINITIALIZED_AUTOS = YES_AGGRESSIVE;
				GCC_WARN_UNUSED_FUNCTION = YES;
				GCC_WARN_UNUSED_VARIABLE = YES;
				IPHONEOS_DEPLOYMENT_TARGET = 13.4;
				MTL_ENABLE_DEBUG_INFO = INCLUDE_SOURCE;
				MTL_FAST_MATH = YES;
				ONLY_ACTIVE_ARCH = YES;
				SDKROOT = iphoneos;
				SWIFT_ACTIVE_COMPILATION_CONDITIONS = DEBUG;
				SWIFT_OPTIMIZATION_LEVEL = "-Onone";
			};
			name = Debug;
		};
		E42A4D85242FC74F003DA9A2 /* Release */ = {
			isa = XCBuildConfiguration;
			buildSettings = {
				ALWAYS_SEARCH_USER_PATHS = NO;
				CLANG_ANALYZER_NONNULL = YES;
				CLANG_ANALYZER_NUMBER_OBJECT_CONVERSION = YES_AGGRESSIVE;
				CLANG_CXX_LANGUAGE_STANDARD = "gnu++14";
				CLANG_CXX_LIBRARY = "libc++";
				CLANG_ENABLE_MODULES = YES;
				CLANG_ENABLE_OBJC_ARC = YES;
				CLANG_ENABLE_OBJC_WEAK = YES;
				CLANG_WARN_BLOCK_CAPTURE_AUTORELEASING = YES;
				CLANG_WARN_BOOL_CONVERSION = YES;
				CLANG_WARN_COMMA = YES;
				CLANG_WARN_CONSTANT_CONVERSION = YES;
				CLANG_WARN_DEPRECATED_OBJC_IMPLEMENTATIONS = YES;
				CLANG_WARN_DIRECT_OBJC_ISA_USAGE = YES_ERROR;
				CLANG_WARN_DOCUMENTATION_COMMENTS = YES;
				CLANG_WARN_EMPTY_BODY = YES;
				CLANG_WARN_ENUM_CONVERSION = YES;
				CLANG_WARN_INFINITE_RECURSION = YES;
				CLANG_WARN_INT_CONVERSION = YES;
				CLANG_WARN_NON_LITERAL_NULL_CONVERSION = YES;
				CLANG_WARN_OBJC_IMPLICIT_RETAIN_SELF = YES;
				CLANG_WARN_OBJC_LITERAL_CONVERSION = YES;
				CLANG_WARN_OBJC_ROOT_CLASS = YES_ERROR;
				CLANG_WARN_RANGE_LOOP_ANALYSIS = YES;
				CLANG_WARN_STRICT_PROTOTYPES = YES;
				CLANG_WARN_SUSPICIOUS_MOVE = YES;
				CLANG_WARN_UNGUARDED_AVAILABILITY = YES_AGGRESSIVE;
				CLANG_WARN_UNREACHABLE_CODE = YES;
				CLANG_WARN__DUPLICATE_METHOD_MATCH = YES;
				COPY_PHASE_STRIP = NO;
				DEBUG_INFORMATION_FORMAT = "dwarf-with-dsym";
				ENABLE_NS_ASSERTIONS = NO;
				ENABLE_STRICT_OBJC_MSGSEND = YES;
				GCC_C_LANGUAGE_STANDARD = gnu11;
				GCC_NO_COMMON_BLOCKS = YES;
				GCC_WARN_64_TO_32_BIT_CONVERSION = YES;
				GCC_WARN_ABOUT_RETURN_TYPE = YES_ERROR;
				GCC_WARN_UNDECLARED_SELECTOR = YES;
				GCC_WARN_UNINITIALIZED_AUTOS = YES_AGGRESSIVE;
				GCC_WARN_UNUSED_FUNCTION = YES;
				GCC_WARN_UNUSED_VARIABLE = YES;
				IPHONEOS_DEPLOYMENT_TARGET = 13.4;
				MTL_ENABLE_DEBUG_INFO = NO;
				MTL_FAST_MATH = YES;
				SDKROOT = iphoneos;
				SWIFT_COMPILATION_MODE = wholemodule;
				SWIFT_OPTIMIZATION_LEVEL = "-O";
				VALIDATE_PRODUCT = YES;
			};
			name = Release;
		};
		E42A4D87242FC74F003DA9A2 /* Debug */ = {
			isa = XCBuildConfiguration;
			baseConfigurationReference = 61EE99BF9803DEB9F169380C /* Pods-WeatherGift.debug.xcconfig */;
			buildSettings = {
				ASSETCATALOG_COMPILER_APPICON_NAME = AppIcon;
				CODE_SIGN_STYLE = Automatic;
				DEVELOPMENT_TEAM = P477CH45D5;
				INFOPLIST_FILE = WeatherGift/Info.plist;
				LD_RUNPATH_SEARCH_PATHS = (
					"$(inherited)",
					"@executable_path/Frameworks",
				);
				PRODUCT_BUNDLE_IDENTIFIER = "Shane-Barys.WeatherGift";
				PRODUCT_NAME = "$(TARGET_NAME)";
				SWIFT_VERSION = 5.0;
				TARGETED_DEVICE_FAMILY = "1,2";
			};
			name = Debug;
		};
		E42A4D88242FC74F003DA9A2 /* Release */ = {
			isa = XCBuildConfiguration;
			baseConfigurationReference = 661D75D31F580200450686F0 /* Pods-WeatherGift.release.xcconfig */;
			buildSettings = {
				ASSETCATALOG_COMPILER_APPICON_NAME = AppIcon;
				CODE_SIGN_STYLE = Automatic;
				DEVELOPMENT_TEAM = P477CH45D5;
				INFOPLIST_FILE = WeatherGift/Info.plist;
				LD_RUNPATH_SEARCH_PATHS = (
					"$(inherited)",
					"@executable_path/Frameworks",
				);
				PRODUCT_BUNDLE_IDENTIFIER = "Shane-Barys.WeatherGift";
				PRODUCT_NAME = "$(TARGET_NAME)";
				SWIFT_VERSION = 5.0;
				TARGETED_DEVICE_FAMILY = "1,2";
			};
			name = Release;
		};
/* End XCBuildConfiguration section */

/* Begin XCConfigurationList section */
		E42A4D6D242FC74B003DA9A2 /* Build configuration list for PBXProject "WeatherGift" */ = {
			isa = XCConfigurationList;
			buildConfigurations = (
				E42A4D84242FC74F003DA9A2 /* Debug */,
				E42A4D85242FC74F003DA9A2 /* Release */,
			);
			defaultConfigurationIsVisible = 0;
			defaultConfigurationName = Release;
		};
		E42A4D86242FC74F003DA9A2 /* Build configuration list for PBXNativeTarget "WeatherGift" */ = {
			isa = XCConfigurationList;
			buildConfigurations = (
				E42A4D87242FC74F003DA9A2 /* Debug */,
				E42A4D88242FC74F003DA9A2 /* Release */,
			);
			defaultConfigurationIsVisible = 0;
			defaultConfigurationName = Release;
		};
/* End XCConfigurationList section */
	};
	rootObject = E42A4D6A242FC74B003DA9A2 /* Project object */;
}
